{
  "name": "dyi-router-web",
  "version": "0.1.0",
  "lockfileVersion": 2,
  "requires": true,
  "packages": {
    "": {
      "name": "dyi-router-web",
      "version": "0.1.0",
      "license": "ISC",
      "dependencies": {
        "uuid-by-string": "^2.1.5"
      },
      "devDependencies": {
        "typescript": "^4.5.4"
      }
    },
    "node_modules/js-md5": {
      "version": "0.7.3",
      "resolved": "https://registry.npmjs.org/js-md5/-/js-md5-0.7.3.tgz",
      "integrity": "sha512-ZC41vPSTLKGwIRjqDh8DfXoCrdQIyBgspJVPXHBGu4nZlAEvG3nf+jO9avM9RmLiGakg7vz974ms99nEV0tmTQ=="
    },
    "node_modules/js-sha1": {
      "version": "0.6.0",
      "resolved": "https://registry.npmjs.org/js-sha1/-/js-sha1-0.6.0.tgz",
      "integrity": "sha512-01gwBFreYydzmU9BmZxpVk6svJJHrVxEN3IOiGl6VO93bVKYETJ0sIth6DASI6mIFdt7NmfX9UiByRzsYHGU9w=="
    },
    "node_modules/typescript": {
      "version": "4.5.4",
      "resolved": "https://registry.npmjs.org/typescript/-/typescript-4.5.4.tgz",
      "integrity": "sha512-VgYs2A2QIRuGphtzFV7aQJduJ2gyfTljngLzjpfW9FoYZF6xuw1W0vW9ghCKLfcWrCFxK81CSGRAvS1pn4fIUg==",
      "dev": true,
      "bin": {
        "tsc": "bin/tsc",
        "tsserver": "bin/tsserver"
      },
      "engines": {
        "node": ">=4.2.0"
      }
    },
    "node_modules/uuid-by-string": {
      "version": "2.1.5",
      "resolved": "https://registry.npmjs.org/uuid-by-string/-/uuid-by-string-2.1.5.tgz",
      "integrity": "sha512-MTt7chZLNmq/Tb1bAodHCyiKO5dzerebQwxJL1NfxoQeSAzNSVM+z3WVFhL3RC1t/mBLKMBnMNQmoMzsqyI+KA==",
      "dependencies": {
        "js-md5": "^0.7.3",
        "js-sha1": "^0.6.0"
      }
    }
  },
  "dependencies": {
    "js-md5": {
      "version": "0.7.3",
      "resolved": "https://registry.npmjs.org/js-md5/-/js-md5-0.7.3.tgz",
      "integrity": "sha512-ZC41vPSTLKGwIRjqDh8DfXoCrdQIyBgspJVPXHBGu4nZlAEvG3nf+jO9avM9RmLiGakg7vz974ms99nEV0tmTQ=="
    },
    "js-sha1": {
      "version": "0.6.0",
      "resolved": "https://registry.npmjs.org/js-sha1/-/js-sha1-0.6.0.tgz",
      "integrity": "sha512-01gwBFreYydzmU9BmZxpVk6svJJHrVxEN3IOiGl6VO93bVKYETJ0sIth6DASI6mIFdt7NmfX9UiByRzsYHGU9w=="
    },
    "typescript": {
      "version": "4.5.4",
      "resolved": "https://registry.npmjs.org/typescript/-/typescript-4.5.4.tgz",
      "integrity": "sha512-VgYs2A2QIRuGphtzFV7aQJduJ2gyfTljngLzjpfW9FoYZF6xuw1W0vW9ghCKLfcWrCFxK81CSGRAvS1pn4fIUg==",
      "dev": true
    },
    "uuid-by-string": {
      "version": "2.1.5",
      "resolved": "https://registry.npmjs.org/uuid-by-string/-/uuid-by-string-2.1.5.tgz",
      "integrity": "sha512-MTt7chZLNmq/Tb1bAodHCyiKO5dzerebQwxJL1NfxoQeSAzNSVM+z3WVFhL3RC1t/mBLKMBnMNQmoMzsqyI+KA==",
      "requires": {
        "js-md5": "^0.7.3",
        "js-sha1": "^0.6.0"
      }
    }
  }
}
